
Microsoft Visual Studio Solution File, Format Version 12.00
# Visual Studio Version 16
VisualStudioVersion = 16.0.31424.327
MinimumVisualStudioVersion = 10.0.40219.1
Project("{FAE04EC0-301F-11D3-BF4B-00C04F79EFBC}") = "XMLStats", "XMLStats.csproj", "{FCA0C77C-6C03-44EF-9B82-0A73449A92F0}"
EndProject
Global
	GlobalSection(SolutionConfigurationPlatforms) = preSolution
		Debug|Any CPU = Debug|Any CPU
		Release|Any CPU = Release|Any CPU
	EndGlobalSection
	GlobalSection(ProjectConfigurationPlatforms) = postSolution
		{FCA0C77C-6C03-44EF-9B82-0A73449A92F0}.Debug|Any CPU.ActiveCfg = Debug|Any CPU
		{FCA0C77C-6C03-44EF-9B82-0A73449A92F0}.Debug|Any CPU.Build.0 = Debug|Any CPU
		{FCA0C77C-6C03-44EF-9B82-0A73449A92F0}.Release|Any CPU.ActiveCfg = Release|Any CPU
		{FCA0C77C-6C03-44EF-9B82-0A73449A92F0}.Release|Any CPU.Build.0 = Release|Any CPU
	EndGlobalSection
	GlobalSection(SolutionProperties) = preSolution
		HideSolutionNode = FALSE
	EndGlobalSection
	GlobalSection(ExtensibilityGlobals) = postSolution
		SolutionGuid = {15941A98-398A-42C8-9B61-2A0D2A0D36F5}
	EndGlobalSection
EndGlobal
